
Microsoft Visual Studio Solution File, Format Version 12.00
# Visual Studio Version 16
VisualStudioVersion = 16.0.29102.190
MinimumVisualStudioVersion = 10.0.40219.1
Project("{9A19103F-16F7-4668-BE54-9A1E7A4F7556}") = "PasswordPolicyConsole", "PasswordPolicyConsole\PasswordPolicyConsole.csproj", "{68FA2A7C-642C-43FB-A123-15A6C1A2E9DC}"
EndProject
Project("{9A19103F-16F7-4668-BE54-9A1E7A4F7556}") = "PasswordGenerator", "PasswordGenerator\PasswordGenerator.csproj", "{46C77531-63E6-43F4-A288-31F471610838}"
EndProject
Global
	GlobalSection(SolutionConfigurationPlatforms) = preSolution
		Debug|Any CPU = Debug|Any CPU
		Release|Any CPU = Release|Any CPU
	EndGlobalSection
	GlobalSection(ProjectConfigurationPlatforms) = postSolution
		{68FA2A7C-642C-43FB-A123-15A6C1A2E9DC}.Debug|Any CPU.ActiveCfg = Debug|Any CPU
		{68FA2A7C-642C-43FB-A123-15A6C1A2E9DC}.Debug|Any CPU.Build.0 = Debug|Any CPU
		{68FA2A7C-642C-43FB-A123-15A6C1A2E9DC}.Release|Any CPU.ActiveCfg = Release|Any CPU
		{68FA2A7C-642C-43FB-A123-15A6C1A2E9DC}.Release|Any CPU.Build.0 = Release|Any CPU
		{46C77531-63E6-43F4-A288-31F471610838}.Debug|Any CPU.ActiveCfg = Debug|Any CPU
		{46C77531-63E6-43F4-A288-31F471610838}.Debug|Any CPU.Build.0 = Debug|Any CPU
		{46C77531-63E6-43F4-A288-31F471610838}.Release|Any CPU.ActiveCfg = Release|Any CPU
		{46C77531-63E6-43F4-A288-31F471610838}.Release|Any CPU.Build.0 = Release|Any CPU
	EndGlobalSection
	GlobalSection(SolutionProperties) = preSolution
		HideSolutionNode = FALSE
	EndGlobalSection
	GlobalSection(ExtensibilityGlobals) = postSolution
		SolutionGuid = {A3DD5D2B-9104-46E1-BCA4-1EF17275060D}
	EndGlobalSection
EndGlobal
